<?xml version="1.0" encoding="UTF-8"?>
<Project ToolsVersion="14.0" xmlns="http://schemas.microsoft.com/developer/msbuild/2003">
  <ItemGroup>
    <CustomBuild Include="D:\glm\CMakeFiles\ad816ba967f333567f98709973141507\RUN_TESTS_force.rule">
      <Filter>CMake Rules</Filter>
    </CustomBuild>
  </ItemGroup>
  <ItemGroup>
    <Filter Include="CMake Rules">
      <UniqueIdentifier>{65C74E54-3989-390A-88E1-8EB8314A7B79}</UniqueIdentifier>
    </Filter>
  </ItemGroup>
</Project>
